
Microsoft Visual Studio Solution File, Format Version 12.00
# Visual Studio Version 16
VisualStudioVersion = 16.0.29424.173
MinimumVisualStudioVersion = 10.0.40219.1
Project("{9A19103F-16F7-4668-BE54-9A1E7A4F7556}") = "Core", "Core\Core.csproj", "{0C884456-DB54-441B-B403-361D25D05396}"
EndProject
Project("{FAE04EC0-301F-11D3-BF4B-00C04F79EFBC}") = "Web", "Web\Web.csproj", "{5B591F4C-F47F-4FE7-9D80-62B1BE4345C3}"
EndProject
Project("{FAE04EC0-301F-11D3-BF4B-00C04F79EFBC}") = "Api", "Api\Api.csproj", "{CFEBD914-DB5A-4683-B37B-BB564902D61F}"
EndProject
Global
	GlobalSection(SolutionConfigurationPlatforms) = preSolution
		Debug|Any CPU = Debug|Any CPU
		Release|Any CPU = Release|Any CPU
	EndGlobalSection
	GlobalSection(ProjectConfigurationPlatforms) = postSolution
		{0C884456-DB54-441B-B403-361D25D05396}.Debug|Any CPU.ActiveCfg = Debug|Any CPU
		{0C884456-DB54-441B-B403-361D25D05396}.Debug|Any CPU.Build.0 = Debug|Any CPU
		{0C884456-DB54-441B-B403-361D25D05396}.Release|Any CPU.ActiveCfg = Release|Any CPU
		{0C884456-DB54-441B-B403-361D25D05396}.Release|Any CPU.Build.0 = Release|Any CPU
		{5B591F4C-F47F-4FE7-9D80-62B1BE4345C3}.Debug|Any CPU.ActiveCfg = Debug|Any CPU
		{5B591F4C-F47F-4FE7-9D80-62B1BE4345C3}.Debug|Any CPU.Build.0 = Debug|Any CPU
		{5B591F4C-F47F-4FE7-9D80-62B1BE4345C3}.Release|Any CPU.ActiveCfg = Release|Any CPU
		{5B591F4C-F47F-4FE7-9D80-62B1BE4345C3}.Release|Any CPU.Build.0 = Release|Any CPU
		{CFEBD914-DB5A-4683-B37B-BB564902D61F}.Debug|Any CPU.ActiveCfg = Debug|Any CPU
		{CFEBD914-DB5A-4683-B37B-BB564902D61F}.Debug|Any CPU.Build.0 = Debug|Any CPU
		{CFEBD914-DB5A-4683-B37B-BB564902D61F}.Release|Any CPU.ActiveCfg = Release|Any CPU
		{CFEBD914-DB5A-4683-B37B-BB564902D61F}.Release|Any CPU.Build.0 = Release|Any CPU
	EndGlobalSection
	GlobalSection(SolutionProperties) = preSolution
		HideSolutionNode = FALSE
	EndGlobalSection
	GlobalSection(ExtensibilityGlobals) = postSolution
		SolutionGuid = {A092F398-801E-4D1A-AF7F-472A21225236}
	EndGlobalSection
EndGlobal
